
Microsoft Visual Studio Solution File, Format Version 12.00
# Visual Studio 15
VisualStudioVersion = 15.0.28307.572
MinimumVisualStudioVersion = 10.0.40219.1
Project("{9A19103F-16F7-4668-BE54-9A1E7A4F7556}") = "RSA加密", "ConsoleApp1\RSA加密.csproj", "{3D53D443-1534-4D01-93AD-D8CEA56C08BC}"
EndProject
Project("{9A19103F-16F7-4668-BE54-9A1E7A4F7556}") = "ConsoleApp3", "ConsoleApp3\ConsoleApp3.csproj", "{D79B2AEC-A584-484C-A8B4-72A2DFDA4C85}"
EndProject
Project("{9A19103F-16F7-4668-BE54-9A1E7A4F7556}") = "Redis", "Redis\Redis.csproj", "{840621DA-B4FB-4C14-BC60-5D512F8C1DE7}"
EndProject
Project("{9A19103F-16F7-4668-BE54-9A1E7A4F7556}") = "Zhongqian", "Zhongqian\Zhongqian.csproj", "{9A27217A-CAF6-4658-A2DC-C4B1DA55AC37}"
EndProject
Project("{9A19103F-16F7-4668-BE54-9A1E7A4F7556}") = "高并发限流", "高并发限流\高并发限流.csproj", "{53C5382B-6E7D-4FF4-9CEF-B0AC463B3564}"
EndProject
Project("{9A19103F-16F7-4668-BE54-9A1E7A4F7556}") = "地址拆分", "ConsoleApp4\地址拆分.csproj", "{3947DA0F-FEDC-47BD-AB58-17518A544D60}"
EndProject
Project("{9A19103F-16F7-4668-BE54-9A1E7A4F7556}") = "爬取电影", "爬取电影\爬取电影.csproj", "{858100A1-6C6A-49B3-95FB-E4174B8C2DD7}"
EndProject
Project("{9A19103F-16F7-4668-BE54-9A1E7A4F7556}") = "爬取电影天堂", "爬取电影天堂\爬取电影天堂.csproj", "{A2D8F41C-C87D-4AB6-A983-F8C836718650}"
EndProject
Project("{9A19103F-16F7-4668-BE54-9A1E7A4F7556}") = "HttpCode.Core", "HttpCode.Core\HttpCode.Core.csproj", "{702384CF-CB99-4427-BECE-0C316DB3AA94}"
EndProject
Project("{9A19103F-16F7-4668-BE54-9A1E7A4F7556}") = "HttpCode.Core.Test", "HttpCode.Core.Test\HttpCode.Core.Test.csproj", "{DADB8A56-7718-46EC-B7E1-433F9FAFD45C}"
EndProject
Global
	GlobalSection(SolutionConfigurationPlatforms) = preSolution
		Debug|Any CPU = Debug|Any CPU
		Release|Any CPU = Release|Any CPU
	EndGlobalSection
	GlobalSection(ProjectConfigurationPlatforms) = postSolution
		{3D53D443-1534-4D01-93AD-D8CEA56C08BC}.Debug|Any CPU.ActiveCfg = Debug|Any CPU
		{3D53D443-1534-4D01-93AD-D8CEA56C08BC}.Debug|Any CPU.Build.0 = Debug|Any CPU
		{3D53D443-1534-4D01-93AD-D8CEA56C08BC}.Release|Any CPU.ActiveCfg = Release|Any CPU
		{3D53D443-1534-4D01-93AD-D8CEA56C08BC}.Release|Any CPU.Build.0 = Release|Any CPU
		{D79B2AEC-A584-484C-A8B4-72A2DFDA4C85}.Debug|Any CPU.ActiveCfg = Debug|Any CPU
		{D79B2AEC-A584-484C-A8B4-72A2DFDA4C85}.Debug|Any CPU.Build.0 = Debug|Any CPU
		{D79B2AEC-A584-484C-A8B4-72A2DFDA4C85}.Release|Any CPU.ActiveCfg = Release|Any CPU
		{D79B2AEC-A584-484C-A8B4-72A2DFDA4C85}.Release|Any CPU.Build.0 = Release|Any CPU
		{840621DA-B4FB-4C14-BC60-5D512F8C1DE7}.Debug|Any CPU.ActiveCfg = Debug|Any CPU
		{840621DA-B4FB-4C14-BC60-5D512F8C1DE7}.Debug|Any CPU.Build.0 = Debug|Any CPU
		{840621DA-B4FB-4C14-BC60-5D512F8C1DE7}.Release|Any CPU.ActiveCfg = Release|Any CPU
		{840621DA-B4FB-4C14-BC60-5D512F8C1DE7}.Release|Any CPU.Build.0 = Release|Any CPU
		{9A27217A-CAF6-4658-A2DC-C4B1DA55AC37}.Debug|Any CPU.ActiveCfg = Debug|Any CPU
		{9A27217A-CAF6-4658-A2DC-C4B1DA55AC37}.Debug|Any CPU.Build.0 = Debug|Any CPU
		{9A27217A-CAF6-4658-A2DC-C4B1DA55AC37}.Release|Any CPU.ActiveCfg = Release|Any CPU
		{9A27217A-CAF6-4658-A2DC-C4B1DA55AC37}.Release|Any CPU.Build.0 = Release|Any CPU
		{53C5382B-6E7D-4FF4-9CEF-B0AC463B3564}.Debug|Any CPU.ActiveCfg = Debug|Any CPU
		{53C5382B-6E7D-4FF4-9CEF-B0AC463B3564}.Debug|Any CPU.Build.0 = Debug|Any CPU
		{53C5382B-6E7D-4FF4-9CEF-B0AC463B3564}.Release|Any CPU.ActiveCfg = Release|Any CPU
		{53C5382B-6E7D-4FF4-9CEF-B0AC463B3564}.Release|Any CPU.Build.0 = Release|Any CPU
		{3947DA0F-FEDC-47BD-AB58-17518A544D60}.Debug|Any CPU.ActiveCfg = Debug|Any CPU
		{3947DA0F-FEDC-47BD-AB58-17518A544D60}.Debug|Any CPU.Build.0 = Debug|Any CPU
		{3947DA0F-FEDC-47BD-AB58-17518A544D60}.Release|Any CPU.ActiveCfg = Release|Any CPU
		{3947DA0F-FEDC-47BD-AB58-17518A544D60}.Release|Any CPU.Build.0 = Release|Any CPU
		{858100A1-6C6A-49B3-95FB-E4174B8C2DD7}.Debug|Any CPU.ActiveCfg = Debug|Any CPU
		{858100A1-6C6A-49B3-95FB-E4174B8C2DD7}.Debug|Any CPU.Build.0 = Debug|Any CPU
		{858100A1-6C6A-49B3-95FB-E4174B8C2DD7}.Release|Any CPU.ActiveCfg = Release|Any CPU
		{858100A1-6C6A-49B3-95FB-E4174B8C2DD7}.Release|Any CPU.Build.0 = Release|Any CPU
		{A2D8F41C-C87D-4AB6-A983-F8C836718650}.Debug|Any CPU.ActiveCfg = Debug|Any CPU
		{A2D8F41C-C87D-4AB6-A983-F8C836718650}.Debug|Any CPU.Build.0 = Debug|Any CPU
		{A2D8F41C-C87D-4AB6-A983-F8C836718650}.Release|Any CPU.ActiveCfg = Release|Any CPU
		{A2D8F41C-C87D-4AB6-A983-F8C836718650}.Release|Any CPU.Build.0 = Release|Any CPU
		{702384CF-CB99-4427-BECE-0C316DB3AA94}.Debug|Any CPU.ActiveCfg = Debug|Any CPU
		{702384CF-CB99-4427-BECE-0C316DB3AA94}.Debug|Any CPU.Build.0 = Debug|Any CPU
		{702384CF-CB99-4427-BECE-0C316DB3AA94}.Release|Any CPU.ActiveCfg = Release|Any CPU
		{702384CF-CB99-4427-BECE-0C316DB3AA94}.Release|Any CPU.Build.0 = Release|Any CPU
		{DADB8A56-7718-46EC-B7E1-433F9FAFD45C}.Debug|Any CPU.ActiveCfg = Debug|Any CPU
		{DADB8A56-7718-46EC-B7E1-433F9FAFD45C}.Debug|Any CPU.Build.0 = Debug|Any CPU
		{DADB8A56-7718-46EC-B7E1-433F9FAFD45C}.Release|Any CPU.ActiveCfg = Release|Any CPU
		{DADB8A56-7718-46EC-B7E1-433F9FAFD45C}.Release|Any CPU.Build.0 = Release|Any CPU
	EndGlobalSection
	GlobalSection(SolutionProperties) = preSolution
		HideSolutionNode = FALSE
	EndGlobalSection
	GlobalSection(ExtensibilityGlobals) = postSolution
		SolutionGuid = {6CC3D488-4F99-44F1-964B-19ADB12FC3B7}
	EndGlobalSection
EndGlobal
