
Microsoft Visual Studio Solution File, Format Version 12.00
# Visual Studio 15
VisualStudioVersion = 15.0.28307.572
MinimumVisualStudioVersion = 10.0.40219.1
Project("{9A19103F-16F7-4668-BE54-9A1E7A4F7556}") = "Redis", "Redis\Redis.csproj", "{840621DA-B4FB-4C14-BC60-5D512F8C1DE7}"
EndProject
Project("{9A19103F-16F7-4668-BE54-9A1E7A4F7556}") = "TaskTest", "Zhongqian\TaskTest.csproj", "{9A27217A-CAF6-4658-A2DC-C4B1DA55AC37}"
EndProject
Project("{9A19103F-16F7-4668-BE54-9A1E7A4F7556}") = "高并发限流", "高并发限流\高并发限流.csproj", "{53C5382B-6E7D-4FF4-9CEF-B0AC463B3564}"
EndProject
Project("{9A19103F-16F7-4668-BE54-9A1E7A4F7556}") = "爬取电影", "爬取电影\爬取电影.csproj", "{858100A1-6C6A-49B3-95FB-E4174B8C2DD7}"
EndProject
Project("{9A19103F-16F7-4668-BE54-9A1E7A4F7556}") = "爬取电影天堂", "爬取电影天堂\爬取电影天堂.csproj", "{A2D8F41C-C87D-4AB6-A983-F8C836718650}"
EndProject
Project("{9A19103F-16F7-4668-BE54-9A1E7A4F7556}") = "Hao.Utility", "Hao.Utility\Hao.Utility.csproj", "{061E1A78-3441-4CC8-9DFE-F98CFD902463}"
EndProject
Project("{9A19103F-16F7-4668-BE54-9A1E7A4F7556}") = "测试批量插入", "测试批量插入\测试批量插入.csproj", "{6FC3E56A-3935-47F2-8DDA-DF7CF3120E16}"
EndProject
Project("{9A19103F-16F7-4668-BE54-9A1E7A4F7556}") = "高性能对象映射", "高性能对象映射\高性能对象映射.csproj", "{2D054315-25B3-45E4-89C4-0704C48ACA51}"
EndProject
Project("{9A19103F-16F7-4668-BE54-9A1E7A4F7556}") = "LambdaAndExpression", "LambdaAndExpression\LambdaAndExpression.csproj", "{05818ADB-926B-49AA-AB68-5D431D953CB7}"
EndProject
Project("{9A19103F-16F7-4668-BE54-9A1E7A4F7556}") = "NetCore", "NetCore\NetCore.csproj", "{B50C614B-AE83-4C72-AEC9-C47E9741C6E6}"
EndProject
Project("{9A19103F-16F7-4668-BE54-9A1E7A4F7556}") = "Readonly", "Readonly\Readonly.csproj", "{EDE1EE42-E97C-40F0-BFEC-3572E19E2B97}"
EndProject
Project("{9A19103F-16F7-4668-BE54-9A1E7A4F7556}") = "4.InterfaceTest", "InterfaceTest\4.InterfaceTest.csproj", "{B17541CF-6AEF-4670-9520-C852C34EB307}"
EndProject
Project("{9A19103F-16F7-4668-BE54-9A1E7A4F7556}") = "WebApplication1", "WebApplication1\WebApplication1.csproj", "{3FAD76CA-14D4-4684-A7EE-B3A7A6C79865}"
EndProject
Project("{9A19103F-16F7-4668-BE54-9A1E7A4F7556}") = "SelectAndSelectMany", "SelectAndSelectMany\SelectAndSelectMany.csproj", "{7E28AAC7-24C8-492F-BD3F-B41D6991E831}"
EndProject
Project("{9A19103F-16F7-4668-BE54-9A1E7A4F7556}") = "3插入排序", "插入排序\3插入排序.csproj", "{26F5517F-7C45-43B5-841E-62C34EFBE35E}"
EndProject
Project("{9A19103F-16F7-4668-BE54-9A1E7A4F7556}") = "5快速排序", "快速排序\5快速排序.csproj", "{E281FEF6-CEAD-4369-8E63-0EA771EF3588}"
EndProject
Project("{9A19103F-16F7-4668-BE54-9A1E7A4F7556}") = "1冒泡排序", "冒泡排序\1冒泡排序.csproj", "{A663A82B-3B2B-4D45-A204-46251BE94781}"
EndProject
Project("{9A19103F-16F7-4668-BE54-9A1E7A4F7556}") = "6希尔排序", "希尔排序\6希尔排序.csproj", "{E1432CB4-F013-43F8-89AD-AECE35E920C3}"
EndProject
Project("{9A19103F-16F7-4668-BE54-9A1E7A4F7556}") = "2选择排序", "选择排序\2选择排序.csproj", "{89A12ED1-FADF-4FC5-90F2-DC7509B75DE3}"
EndProject
Project("{9A19103F-16F7-4668-BE54-9A1E7A4F7556}") = "4直接插入排序", "直接插入排序\4直接插入排序.csproj", "{D9762791-CA73-4122-88FD-C209022A1568}"
EndProject
Project("{2150E333-8FDC-42A3-9474-1A3956D46DE8}") = "3算法", "3算法", "{E498B03A-F56B-4F61-AA74-D7FD1E1F59FA}"
EndProject
Project("{2150E333-8FDC-42A3-9474-1A3956D46DE8}") = "4设计模式", "4设计模式", "{3769D663-275E-4290-A1B7-604A4F4620F3}"
EndProject
Project("{9A19103F-16F7-4668-BE54-9A1E7A4F7556}") = "1备忘录模式", "1备忘录模式\1备忘录模式.csproj", "{3D2F25BD-C931-4B4F-8C8D-DEF65D671ECA}"
EndProject
Project("{9A19103F-16F7-4668-BE54-9A1E7A4F7556}") = "2策略模式", "2策略模式\2策略模式.csproj", "{88E47CD5-029F-4727-9D5D-D1121142E554}"
EndProject
Project("{2150E333-8FDC-42A3-9474-1A3956D46DE8}") = "2NetCore7个对象", "2NetCore7个对象", "{DDDCAE9D-1AD6-4BEF-B8B7-1C0DC4DCD608}"
EndProject
Project("{2150E333-8FDC-42A3-9474-1A3956D46DE8}") = "1模拟接口测试", "1模拟接口测试", "{C59929F8-8881-4503-AD8E-E3E511996EEE}"
EndProject
Project("{9A19103F-16F7-4668-BE54-9A1E7A4F7556}") = "地址拆分", "地址拆分\地址拆分.csproj", "{B9902E24-866C-47C5-B37C-2A02603B211B}"
EndProject
Project("{9A19103F-16F7-4668-BE54-9A1E7A4F7556}") = "ConsoleApp", "ConsoleApp\ConsoleApp.csproj", "{6A3C92BD-1148-4031-B7D7-A6E992071828}"
EndProject
Project("{9A19103F-16F7-4668-BE54-9A1E7A4F7556}") = "RSA加密", "RSA加密\RSA加密.csproj", "{7B3CBB4A-24CE-49C3-94F6-372DC138780F}"
EndProject
Project("{2150E333-8FDC-42A3-9474-1A3956D46DE8}") = "5消息队列", "5消息队列", "{EAD8FA95-D007-4957-A6E2-08C60B70E7BF}"
EndProject
Project("{9A19103F-16F7-4668-BE54-9A1E7A4F7556}") = "简易消息队列", "简易消息队列\简易消息队列.csproj", "{4E60968A-BC2F-4D83-A723-29C4BB172AE4}"
EndProject
Project("{9A19103F-16F7-4668-BE54-9A1E7A4F7556}") = "生产消费队列实现写文本", "生产消费队列实现写文本\生产消费队列实现写文本.csproj", "{28E4993A-DA94-4C12-9198-AE140D882C73}"
EndProject
Project("{9A19103F-16F7-4668-BE54-9A1E7A4F7556}") = "ConsoleApp2", "ConsoleApp2\ConsoleApp2.csproj", "{B988B335-56CE-4195-92EB-65D1A3C070A1}"
EndProject
Project("{FAE04EC0-301F-11D3-BF4B-00C04F79EFBC}") = "2.DateTimeTest", "DateTimeTest\2.DateTimeTest.csproj", "{D1782A40-905A-4D84-820D-7BB74C0702F3}"
EndProject
Project("{FAE04EC0-301F-11D3-BF4B-00C04F79EFBC}") = "1.StringTest", "StringTest\1.StringTest.csproj", "{D3EB2BC1-57EC-4440-844A-709BFA55BF0B}"
EndProject
Project("{FAE04EC0-301F-11D3-BF4B-00C04F79EFBC}") = "3.JosnTest", "JosnTest\3.JosnTest.csproj", "{C2EDF100-11B0-49A8-89BC-212FF2F4C522}"
EndProject
Project("{FAE04EC0-301F-11D3-BF4B-00C04F79EFBC}") = "5.ListTest", "ListTest\5.ListTest.csproj", "{DFD4B897-2408-4C1C-BC81-C613E5BE14CF}"
EndProject
Global
	GlobalSection(SolutionConfigurationPlatforms) = preSolution
		Debug|Any CPU = Debug|Any CPU
		Release|Any CPU = Release|Any CPU
	EndGlobalSection
	GlobalSection(ProjectConfigurationPlatforms) = postSolution
		{840621DA-B4FB-4C14-BC60-5D512F8C1DE7}.Debug|Any CPU.ActiveCfg = Debug|Any CPU
		{840621DA-B4FB-4C14-BC60-5D512F8C1DE7}.Debug|Any CPU.Build.0 = Debug|Any CPU
		{840621DA-B4FB-4C14-BC60-5D512F8C1DE7}.Release|Any CPU.ActiveCfg = Release|Any CPU
		{840621DA-B4FB-4C14-BC60-5D512F8C1DE7}.Release|Any CPU.Build.0 = Release|Any CPU
		{9A27217A-CAF6-4658-A2DC-C4B1DA55AC37}.Debug|Any CPU.ActiveCfg = Debug|Any CPU
		{9A27217A-CAF6-4658-A2DC-C4B1DA55AC37}.Debug|Any CPU.Build.0 = Debug|Any CPU
		{9A27217A-CAF6-4658-A2DC-C4B1DA55AC37}.Release|Any CPU.ActiveCfg = Release|Any CPU
		{9A27217A-CAF6-4658-A2DC-C4B1DA55AC37}.Release|Any CPU.Build.0 = Release|Any CPU
		{53C5382B-6E7D-4FF4-9CEF-B0AC463B3564}.Debug|Any CPU.ActiveCfg = Debug|Any CPU
		{53C5382B-6E7D-4FF4-9CEF-B0AC463B3564}.Debug|Any CPU.Build.0 = Debug|Any CPU
		{53C5382B-6E7D-4FF4-9CEF-B0AC463B3564}.Release|Any CPU.ActiveCfg = Release|Any CPU
		{53C5382B-6E7D-4FF4-9CEF-B0AC463B3564}.Release|Any CPU.Build.0 = Release|Any CPU
		{858100A1-6C6A-49B3-95FB-E4174B8C2DD7}.Debug|Any CPU.ActiveCfg = Debug|Any CPU
		{858100A1-6C6A-49B3-95FB-E4174B8C2DD7}.Debug|Any CPU.Build.0 = Debug|Any CPU
		{858100A1-6C6A-49B3-95FB-E4174B8C2DD7}.Release|Any CPU.ActiveCfg = Release|Any CPU
		{858100A1-6C6A-49B3-95FB-E4174B8C2DD7}.Release|Any CPU.Build.0 = Release|Any CPU
		{A2D8F41C-C87D-4AB6-A983-F8C836718650}.Debug|Any CPU.ActiveCfg = Debug|Any CPU
		{A2D8F41C-C87D-4AB6-A983-F8C836718650}.Debug|Any CPU.Build.0 = Debug|Any CPU
		{A2D8F41C-C87D-4AB6-A983-F8C836718650}.Release|Any CPU.ActiveCfg = Release|Any CPU
		{A2D8F41C-C87D-4AB6-A983-F8C836718650}.Release|Any CPU.Build.0 = Release|Any CPU
		{061E1A78-3441-4CC8-9DFE-F98CFD902463}.Debug|Any CPU.ActiveCfg = Debug|Any CPU
		{061E1A78-3441-4CC8-9DFE-F98CFD902463}.Debug|Any CPU.Build.0 = Debug|Any CPU
		{061E1A78-3441-4CC8-9DFE-F98CFD902463}.Release|Any CPU.ActiveCfg = Release|Any CPU
		{061E1A78-3441-4CC8-9DFE-F98CFD902463}.Release|Any CPU.Build.0 = Release|Any CPU
		{6FC3E56A-3935-47F2-8DDA-DF7CF3120E16}.Debug|Any CPU.ActiveCfg = Debug|Any CPU
		{6FC3E56A-3935-47F2-8DDA-DF7CF3120E16}.Debug|Any CPU.Build.0 = Debug|Any CPU
		{6FC3E56A-3935-47F2-8DDA-DF7CF3120E16}.Release|Any CPU.ActiveCfg = Release|Any CPU
		{6FC3E56A-3935-47F2-8DDA-DF7CF3120E16}.Release|Any CPU.Build.0 = Release|Any CPU
		{2D054315-25B3-45E4-89C4-0704C48ACA51}.Debug|Any CPU.ActiveCfg = Debug|Any CPU
		{2D054315-25B3-45E4-89C4-0704C48ACA51}.Debug|Any CPU.Build.0 = Debug|Any CPU
		{2D054315-25B3-45E4-89C4-0704C48ACA51}.Release|Any CPU.ActiveCfg = Release|Any CPU
		{2D054315-25B3-45E4-89C4-0704C48ACA51}.Release|Any CPU.Build.0 = Release|Any CPU
		{05818ADB-926B-49AA-AB68-5D431D953CB7}.Debug|Any CPU.ActiveCfg = Debug|Any CPU
		{05818ADB-926B-49AA-AB68-5D431D953CB7}.Debug|Any CPU.Build.0 = Debug|Any CPU
		{05818ADB-926B-49AA-AB68-5D431D953CB7}.Release|Any CPU.ActiveCfg = Release|Any CPU
		{05818ADB-926B-49AA-AB68-5D431D953CB7}.Release|Any CPU.Build.0 = Release|Any CPU
		{B50C614B-AE83-4C72-AEC9-C47E9741C6E6}.Debug|Any CPU.ActiveCfg = Debug|Any CPU
		{B50C614B-AE83-4C72-AEC9-C47E9741C6E6}.Debug|Any CPU.Build.0 = Debug|Any CPU
		{B50C614B-AE83-4C72-AEC9-C47E9741C6E6}.Release|Any CPU.ActiveCfg = Release|Any CPU
		{B50C614B-AE83-4C72-AEC9-C47E9741C6E6}.Release|Any CPU.Build.0 = Release|Any CPU
		{EDE1EE42-E97C-40F0-BFEC-3572E19E2B97}.Debug|Any CPU.ActiveCfg = Debug|Any CPU
		{EDE1EE42-E97C-40F0-BFEC-3572E19E2B97}.Debug|Any CPU.Build.0 = Debug|Any CPU
		{EDE1EE42-E97C-40F0-BFEC-3572E19E2B97}.Release|Any CPU.ActiveCfg = Release|Any CPU
		{EDE1EE42-E97C-40F0-BFEC-3572E19E2B97}.Release|Any CPU.Build.0 = Release|Any CPU
		{B17541CF-6AEF-4670-9520-C852C34EB307}.Debug|Any CPU.ActiveCfg = Debug|Any CPU
		{B17541CF-6AEF-4670-9520-C852C34EB307}.Debug|Any CPU.Build.0 = Debug|Any CPU
		{B17541CF-6AEF-4670-9520-C852C34EB307}.Release|Any CPU.ActiveCfg = Release|Any CPU
		{B17541CF-6AEF-4670-9520-C852C34EB307}.Release|Any CPU.Build.0 = Release|Any CPU
		{3FAD76CA-14D4-4684-A7EE-B3A7A6C79865}.Debug|Any CPU.ActiveCfg = Debug|Any CPU
		{3FAD76CA-14D4-4684-A7EE-B3A7A6C79865}.Debug|Any CPU.Build.0 = Debug|Any CPU
		{3FAD76CA-14D4-4684-A7EE-B3A7A6C79865}.Release|Any CPU.ActiveCfg = Release|Any CPU
		{3FAD76CA-14D4-4684-A7EE-B3A7A6C79865}.Release|Any CPU.Build.0 = Release|Any CPU
		{7E28AAC7-24C8-492F-BD3F-B41D6991E831}.Debug|Any CPU.ActiveCfg = Debug|Any CPU
		{7E28AAC7-24C8-492F-BD3F-B41D6991E831}.Debug|Any CPU.Build.0 = Debug|Any CPU
		{7E28AAC7-24C8-492F-BD3F-B41D6991E831}.Release|Any CPU.ActiveCfg = Release|Any CPU
		{7E28AAC7-24C8-492F-BD3F-B41D6991E831}.Release|Any CPU.Build.0 = Release|Any CPU
		{26F5517F-7C45-43B5-841E-62C34EFBE35E}.Debug|Any CPU.ActiveCfg = Debug|Any CPU
		{26F5517F-7C45-43B5-841E-62C34EFBE35E}.Debug|Any CPU.Build.0 = Debug|Any CPU
		{26F5517F-7C45-43B5-841E-62C34EFBE35E}.Release|Any CPU.ActiveCfg = Release|Any CPU
		{26F5517F-7C45-43B5-841E-62C34EFBE35E}.Release|Any CPU.Build.0 = Release|Any CPU
		{E281FEF6-CEAD-4369-8E63-0EA771EF3588}.Debug|Any CPU.ActiveCfg = Debug|Any CPU
		{E281FEF6-CEAD-4369-8E63-0EA771EF3588}.Debug|Any CPU.Build.0 = Debug|Any CPU
		{E281FEF6-CEAD-4369-8E63-0EA771EF3588}.Release|Any CPU.ActiveCfg = Release|Any CPU
		{E281FEF6-CEAD-4369-8E63-0EA771EF3588}.Release|Any CPU.Build.0 = Release|Any CPU
		{A663A82B-3B2B-4D45-A204-46251BE94781}.Debug|Any CPU.ActiveCfg = Debug|Any CPU
		{A663A82B-3B2B-4D45-A204-46251BE94781}.Debug|Any CPU.Build.0 = Debug|Any CPU
		{A663A82B-3B2B-4D45-A204-46251BE94781}.Release|Any CPU.ActiveCfg = Release|Any CPU
		{A663A82B-3B2B-4D45-A204-46251BE94781}.Release|Any CPU.Build.0 = Release|Any CPU
		{E1432CB4-F013-43F8-89AD-AECE35E920C3}.Debug|Any CPU.ActiveCfg = Debug|Any CPU
		{E1432CB4-F013-43F8-89AD-AECE35E920C3}.Debug|Any CPU.Build.0 = Debug|Any CPU
		{E1432CB4-F013-43F8-89AD-AECE35E920C3}.Release|Any CPU.ActiveCfg = Release|Any CPU
		{E1432CB4-F013-43F8-89AD-AECE35E920C3}.Release|Any CPU.Build.0 = Release|Any CPU
		{89A12ED1-FADF-4FC5-90F2-DC7509B75DE3}.Debug|Any CPU.ActiveCfg = Debug|Any CPU
		{89A12ED1-FADF-4FC5-90F2-DC7509B75DE3}.Debug|Any CPU.Build.0 = Debug|Any CPU
		{89A12ED1-FADF-4FC5-90F2-DC7509B75DE3}.Release|Any CPU.ActiveCfg = Release|Any CPU
		{89A12ED1-FADF-4FC5-90F2-DC7509B75DE3}.Release|Any CPU.Build.0 = Release|Any CPU
		{D9762791-CA73-4122-88FD-C209022A1568}.Debug|Any CPU.ActiveCfg = Debug|Any CPU
		{D9762791-CA73-4122-88FD-C209022A1568}.Debug|Any CPU.Build.0 = Debug|Any CPU
		{D9762791-CA73-4122-88FD-C209022A1568}.Release|Any CPU.ActiveCfg = Release|Any CPU
		{D9762791-CA73-4122-88FD-C209022A1568}.Release|Any CPU.Build.0 = Release|Any CPU
		{3D2F25BD-C931-4B4F-8C8D-DEF65D671ECA}.Debug|Any CPU.ActiveCfg = Debug|Any CPU
		{3D2F25BD-C931-4B4F-8C8D-DEF65D671ECA}.Debug|Any CPU.Build.0 = Debug|Any CPU
		{3D2F25BD-C931-4B4F-8C8D-DEF65D671ECA}.Release|Any CPU.ActiveCfg = Release|Any CPU
		{3D2F25BD-C931-4B4F-8C8D-DEF65D671ECA}.Release|Any CPU.Build.0 = Release|Any CPU
		{88E47CD5-029F-4727-9D5D-D1121142E554}.Debug|Any CPU.ActiveCfg = Debug|Any CPU
		{88E47CD5-029F-4727-9D5D-D1121142E554}.Debug|Any CPU.Build.0 = Debug|Any CPU
		{88E47CD5-029F-4727-9D5D-D1121142E554}.Release|Any CPU.ActiveCfg = Release|Any CPU
		{88E47CD5-029F-4727-9D5D-D1121142E554}.Release|Any CPU.Build.0 = Release|Any CPU
		{B9902E24-866C-47C5-B37C-2A02603B211B}.Debug|Any CPU.ActiveCfg = Debug|Any CPU
		{B9902E24-866C-47C5-B37C-2A02603B211B}.Debug|Any CPU.Build.0 = Debug|Any CPU
		{B9902E24-866C-47C5-B37C-2A02603B211B}.Release|Any CPU.ActiveCfg = Release|Any CPU
		{B9902E24-866C-47C5-B37C-2A02603B211B}.Release|Any CPU.Build.0 = Release|Any CPU
		{6A3C92BD-1148-4031-B7D7-A6E992071828}.Debug|Any CPU.ActiveCfg = Debug|Any CPU
		{6A3C92BD-1148-4031-B7D7-A6E992071828}.Debug|Any CPU.Build.0 = Debug|Any CPU
		{6A3C92BD-1148-4031-B7D7-A6E992071828}.Release|Any CPU.ActiveCfg = Release|Any CPU
		{6A3C92BD-1148-4031-B7D7-A6E992071828}.Release|Any CPU.Build.0 = Release|Any CPU
		{7B3CBB4A-24CE-49C3-94F6-372DC138780F}.Debug|Any CPU.ActiveCfg = Debug|Any CPU
		{7B3CBB4A-24CE-49C3-94F6-372DC138780F}.Debug|Any CPU.Build.0 = Debug|Any CPU
		{7B3CBB4A-24CE-49C3-94F6-372DC138780F}.Release|Any CPU.ActiveCfg = Release|Any CPU
		{7B3CBB4A-24CE-49C3-94F6-372DC138780F}.Release|Any CPU.Build.0 = Release|Any CPU
		{4E60968A-BC2F-4D83-A723-29C4BB172AE4}.Debug|Any CPU.ActiveCfg = Debug|Any CPU
		{4E60968A-BC2F-4D83-A723-29C4BB172AE4}.Debug|Any CPU.Build.0 = Debug|Any CPU
		{4E60968A-BC2F-4D83-A723-29C4BB172AE4}.Release|Any CPU.ActiveCfg = Release|Any CPU
		{4E60968A-BC2F-4D83-A723-29C4BB172AE4}.Release|Any CPU.Build.0 = Release|Any CPU
		{28E4993A-DA94-4C12-9198-AE140D882C73}.Debug|Any CPU.ActiveCfg = Debug|Any CPU
		{28E4993A-DA94-4C12-9198-AE140D882C73}.Debug|Any CPU.Build.0 = Debug|Any CPU
		{28E4993A-DA94-4C12-9198-AE140D882C73}.Release|Any CPU.ActiveCfg = Release|Any CPU
		{28E4993A-DA94-4C12-9198-AE140D882C73}.Release|Any CPU.Build.0 = Release|Any CPU
		{B988B335-56CE-4195-92EB-65D1A3C070A1}.Debug|Any CPU.ActiveCfg = Debug|Any CPU
		{B988B335-56CE-4195-92EB-65D1A3C070A1}.Debug|Any CPU.Build.0 = Debug|Any CPU
		{B988B335-56CE-4195-92EB-65D1A3C070A1}.Release|Any CPU.ActiveCfg = Release|Any CPU
		{B988B335-56CE-4195-92EB-65D1A3C070A1}.Release|Any CPU.Build.0 = Release|Any CPU
		{D1782A40-905A-4D84-820D-7BB74C0702F3}.Debug|Any CPU.ActiveCfg = Debug|Any CPU
		{D1782A40-905A-4D84-820D-7BB74C0702F3}.Debug|Any CPU.Build.0 = Debug|Any CPU
		{D1782A40-905A-4D84-820D-7BB74C0702F3}.Release|Any CPU.ActiveCfg = Release|Any CPU
		{D1782A40-905A-4D84-820D-7BB74C0702F3}.Release|Any CPU.Build.0 = Release|Any CPU
		{D3EB2BC1-57EC-4440-844A-709BFA55BF0B}.Debug|Any CPU.ActiveCfg = Debug|Any CPU
		{D3EB2BC1-57EC-4440-844A-709BFA55BF0B}.Debug|Any CPU.Build.0 = Debug|Any CPU
		{D3EB2BC1-57EC-4440-844A-709BFA55BF0B}.Release|Any CPU.ActiveCfg = Release|Any CPU
		{D3EB2BC1-57EC-4440-844A-709BFA55BF0B}.Release|Any CPU.Build.0 = Release|Any CPU
		{C2EDF100-11B0-49A8-89BC-212FF2F4C522}.Debug|Any CPU.ActiveCfg = Debug|Any CPU
		{C2EDF100-11B0-49A8-89BC-212FF2F4C522}.Debug|Any CPU.Build.0 = Debug|Any CPU
		{C2EDF100-11B0-49A8-89BC-212FF2F4C522}.Release|Any CPU.ActiveCfg = Release|Any CPU
		{C2EDF100-11B0-49A8-89BC-212FF2F4C522}.Release|Any CPU.Build.0 = Release|Any CPU
		{DFD4B897-2408-4C1C-BC81-C613E5BE14CF}.Debug|Any CPU.ActiveCfg = Debug|Any CPU
		{DFD4B897-2408-4C1C-BC81-C613E5BE14CF}.Debug|Any CPU.Build.0 = Debug|Any CPU
		{DFD4B897-2408-4C1C-BC81-C613E5BE14CF}.Release|Any CPU.ActiveCfg = Release|Any CPU
		{DFD4B897-2408-4C1C-BC81-C613E5BE14CF}.Release|Any CPU.Build.0 = Release|Any CPU
	EndGlobalSection
	GlobalSection(SolutionProperties) = preSolution
		HideSolutionNode = FALSE
	EndGlobalSection
	GlobalSection(NestedProjects) = preSolution
		{B50C614B-AE83-4C72-AEC9-C47E9741C6E6} = {DDDCAE9D-1AD6-4BEF-B8B7-1C0DC4DCD608}
		{3FAD76CA-14D4-4684-A7EE-B3A7A6C79865} = {C59929F8-8881-4503-AD8E-E3E511996EEE}
		{26F5517F-7C45-43B5-841E-62C34EFBE35E} = {E498B03A-F56B-4F61-AA74-D7FD1E1F59FA}
		{E281FEF6-CEAD-4369-8E63-0EA771EF3588} = {E498B03A-F56B-4F61-AA74-D7FD1E1F59FA}
		{A663A82B-3B2B-4D45-A204-46251BE94781} = {E498B03A-F56B-4F61-AA74-D7FD1E1F59FA}
		{E1432CB4-F013-43F8-89AD-AECE35E920C3} = {E498B03A-F56B-4F61-AA74-D7FD1E1F59FA}
		{89A12ED1-FADF-4FC5-90F2-DC7509B75DE3} = {E498B03A-F56B-4F61-AA74-D7FD1E1F59FA}
		{D9762791-CA73-4122-88FD-C209022A1568} = {E498B03A-F56B-4F61-AA74-D7FD1E1F59FA}
		{3D2F25BD-C931-4B4F-8C8D-DEF65D671ECA} = {3769D663-275E-4290-A1B7-604A4F4620F3}
		{88E47CD5-029F-4727-9D5D-D1121142E554} = {3769D663-275E-4290-A1B7-604A4F4620F3}
		{4E60968A-BC2F-4D83-A723-29C4BB172AE4} = {EAD8FA95-D007-4957-A6E2-08C60B70E7BF}
		{28E4993A-DA94-4C12-9198-AE140D882C73} = {EAD8FA95-D007-4957-A6E2-08C60B70E7BF}
	EndGlobalSection
	GlobalSection(ExtensibilityGlobals) = postSolution
		SolutionGuid = {6CC3D488-4F99-44F1-964B-19ADB12FC3B7}
	EndGlobalSection
EndGlobal
