
Microsoft Visual Studio Solution File, Format Version 12.00
# Visual Studio 15
VisualStudioVersion = 15.0.28307.705
MinimumVisualStudioVersion = 10.0.40219.1
Project("{9A19103F-16F7-4668-BE54-9A1E7A4F7556}") = "Redis", "Redis\Redis.csproj", "{840621DA-B4FB-4C14-BC60-5D512F8C1DE7}"
EndProject
Project("{9A19103F-16F7-4668-BE54-9A1E7A4F7556}") = "7.TaskTest", "Zhongqian\7.TaskTest.csproj", "{9A27217A-CAF6-4658-A2DC-C4B1DA55AC37}"
EndProject
Project("{9A19103F-16F7-4668-BE54-9A1E7A4F7556}") = "高并发限流", "高并发限流\高并发限流.csproj", "{53C5382B-6E7D-4FF4-9CEF-B0AC463B3564}"
EndProject
Project("{9A19103F-16F7-4668-BE54-9A1E7A4F7556}") = "高性能对象映射", "高性能对象映射\高性能对象映射.csproj", "{2D054315-25B3-45E4-89C4-0704C48ACA51}"
EndProject
Project("{9A19103F-16F7-4668-BE54-9A1E7A4F7556}") = "LambdaAndExpression", "LambdaAndExpression\LambdaAndExpression.csproj", "{05818ADB-926B-49AA-AB68-5D431D953CB7}"
EndProject
Project("{9A19103F-16F7-4668-BE54-9A1E7A4F7556}") = "NetCore7个对象", "NetCore\NetCore7个对象.csproj", "{B50C614B-AE83-4C72-AEC9-C47E9741C6E6}"
EndProject
Project("{9A19103F-16F7-4668-BE54-9A1E7A4F7556}") = "Readonly", "Readonly\Readonly.csproj", "{EDE1EE42-E97C-40F0-BFEC-3572E19E2B97}"
EndProject
Project("{9A19103F-16F7-4668-BE54-9A1E7A4F7556}") = "4.InterfaceTest", "InterfaceTest\4.InterfaceTest.csproj", "{B17541CF-6AEF-4670-9520-C852C34EB307}"
EndProject
Project("{9A19103F-16F7-4668-BE54-9A1E7A4F7556}") = "WebApplication1", "WebApplication1\WebApplication1.csproj", "{3FAD76CA-14D4-4684-A7EE-B3A7A6C79865}"
EndProject
Project("{9A19103F-16F7-4668-BE54-9A1E7A4F7556}") = "3插入排序", "插入排序\3插入排序.csproj", "{26F5517F-7C45-43B5-841E-62C34EFBE35E}"
EndProject
Project("{9A19103F-16F7-4668-BE54-9A1E7A4F7556}") = "5快速排序", "快速排序\5快速排序.csproj", "{E281FEF6-CEAD-4369-8E63-0EA771EF3588}"
EndProject
Project("{9A19103F-16F7-4668-BE54-9A1E7A4F7556}") = "1冒泡排序", "冒泡排序\1冒泡排序.csproj", "{A663A82B-3B2B-4D45-A204-46251BE94781}"
EndProject
Project("{9A19103F-16F7-4668-BE54-9A1E7A4F7556}") = "6希尔排序", "希尔排序\6希尔排序.csproj", "{E1432CB4-F013-43F8-89AD-AECE35E920C3}"
EndProject
Project("{9A19103F-16F7-4668-BE54-9A1E7A4F7556}") = "2选择排序", "选择排序\2选择排序.csproj", "{89A12ED1-FADF-4FC5-90F2-DC7509B75DE3}"
EndProject
Project("{9A19103F-16F7-4668-BE54-9A1E7A4F7556}") = "4直接插入排序", "直接插入排序\4直接插入排序.csproj", "{D9762791-CA73-4122-88FD-C209022A1568}"
EndProject
Project("{2150E333-8FDC-42A3-9474-1A3956D46DE8}") = "3算法", "3算法", "{E498B03A-F56B-4F61-AA74-D7FD1E1F59FA}"
EndProject
Project("{2150E333-8FDC-42A3-9474-1A3956D46DE8}") = "4设计模式", "4设计模式", "{3769D663-275E-4290-A1B7-604A4F4620F3}"
EndProject
Project("{9A19103F-16F7-4668-BE54-9A1E7A4F7556}") = "1备忘录模式", "1备忘录模式\1备忘录模式.csproj", "{3D2F25BD-C931-4B4F-8C8D-DEF65D671ECA}"
EndProject
Project("{9A19103F-16F7-4668-BE54-9A1E7A4F7556}") = "2策略模式", "2策略模式\2策略模式.csproj", "{88E47CD5-029F-4727-9D5D-D1121142E554}"
EndProject
Project("{2150E333-8FDC-42A3-9474-1A3956D46DE8}") = "2NetCore", "2NetCore", "{DDDCAE9D-1AD6-4BEF-B8B7-1C0DC4DCD608}"
EndProject
Project("{2150E333-8FDC-42A3-9474-1A3956D46DE8}") = "1模拟接口测试", "1模拟接口测试", "{C59929F8-8881-4503-AD8E-E3E511996EEE}"
EndProject
Project("{9A19103F-16F7-4668-BE54-9A1E7A4F7556}") = "ConsoleApp", "ConsoleApp\ConsoleApp.csproj", "{6A3C92BD-1148-4031-B7D7-A6E992071828}"
EndProject
Project("{9A19103F-16F7-4668-BE54-9A1E7A4F7556}") = "RSA加密", "RSA加密\RSA加密.csproj", "{7B3CBB4A-24CE-49C3-94F6-372DC138780F}"
EndProject
Project("{2150E333-8FDC-42A3-9474-1A3956D46DE8}") = "5消息队列", "5消息队列", "{EAD8FA95-D007-4957-A6E2-08C60B70E7BF}"
EndProject
Project("{9A19103F-16F7-4668-BE54-9A1E7A4F7556}") = "简易消息队列", "简易消息队列\简易消息队列.csproj", "{4E60968A-BC2F-4D83-A723-29C4BB172AE4}"
EndProject
Project("{9A19103F-16F7-4668-BE54-9A1E7A4F7556}") = "生产消费队列实现写文本", "生产消费队列实现写文本\生产消费队列实现写文本.csproj", "{28E4993A-DA94-4C12-9198-AE140D882C73}"
EndProject
Project("{9A19103F-16F7-4668-BE54-9A1E7A4F7556}") = "2.DateTimeTest", "DateTimeTest\2.DateTimeTest.csproj", "{D1782A40-905A-4D84-820D-7BB74C0702F3}"
EndProject
Project("{9A19103F-16F7-4668-BE54-9A1E7A4F7556}") = "1.StringTest", "StringTest\1.StringTest.csproj", "{D3EB2BC1-57EC-4440-844A-709BFA55BF0B}"
EndProject
Project("{9A19103F-16F7-4668-BE54-9A1E7A4F7556}") = "3.JosnTest", "JosnTest\3.JosnTest.csproj", "{C2EDF100-11B0-49A8-89BC-212FF2F4C522}"
EndProject
Project("{9A19103F-16F7-4668-BE54-9A1E7A4F7556}") = "5.ListTest", "ListTest\5.ListTest.csproj", "{DFD4B897-2408-4C1C-BC81-C613E5BE14CF}"
EndProject
Project("{9A19103F-16F7-4668-BE54-9A1E7A4F7556}") = "6.EnumTest", "EnumTest\6.EnumTest.csproj", "{2999D369-7C7B-4A5A-A895-07CF14F09CF3}"
EndProject
Project("{2150E333-8FDC-42A3-9474-1A3956D46DE8}") = "6加密", "6加密", "{8D02777E-F261-4B30-BA0A-FFC7159BBB6D}"
EndProject
Project("{2150E333-8FDC-42A3-9474-1A3956D46DE8}") = "7Redis", "7Redis", "{25A68E71-01B5-43B7-80B8-76F0753269B8}"
EndProject
Project("{2150E333-8FDC-42A3-9474-1A3956D46DE8}") = "8并发限流", "8并发限流", "{F831252F-E149-4DA6-9A62-ED8135154B33}"
EndProject
Project("{2150E333-8FDC-42A3-9474-1A3956D46DE8}") = "9对象映射", "9对象映射", "{96046A1E-934A-4BDD-82CB-9827747D78A2}"
EndProject
Project("{9A19103F-16F7-4668-BE54-9A1E7A4F7556}") = "Configuration读取", "Configuaration读取\Configuration读取.csproj", "{360A5594-ED2C-43F3-AFB4-1FEFC00CB8B3}"
EndProject
Project("{9A19103F-16F7-4668-BE54-9A1E7A4F7556}") = "Configuration", "Configuration\Configuration.csproj", "{9CA1A798-E443-46CD-95AD-8BB021E795AF}"
EndProject
Project("{2150E333-8FDC-42A3-9474-1A3956D46DE8}") = "IOC", "IOC", "{54EABF72-A3D6-4154-8B5C-49C1453CECCA}"
EndProject
Project("{2150E333-8FDC-42A3-9474-1A3956D46DE8}") = "AOP", "AOP", "{C32B5DBE-B4C3-41D6-81CD-1707A6C72F4D}"
EndProject
Project("{9A19103F-16F7-4668-BE54-9A1E7A4F7556}") = "AopDemo1", "简单Aop\AopDemo1.csproj", "{C75574A1-84EC-47E4-876B-CDD5D1692770}"
EndProject
Project("{9A19103F-16F7-4668-BE54-9A1E7A4F7556}") = "AopDemo2属性注入", "AopDemo2\AopDemo2属性注入.csproj", "{A59CEEFE-D9A4-4478-A768-0925A74746E4}"
EndProject
Project("{9A19103F-16F7-4668-BE54-9A1E7A4F7556}") = "属性注入", "属性注入\属性注入.csproj", "{9362A6EE-BFCA-4594-A99A-7EB7494CEF43}"
EndProject
Project("{9A19103F-16F7-4668-BE54-9A1E7A4F7556}") = "位运算权限", "位于权限\位运算权限.csproj", "{D234BA09-ED75-4BB3-973E-CCA8A47BA1D0}"
EndProject
Project("{2150E333-8FDC-42A3-9474-1A3956D46DE8}") = "C#基础", "C#基础", "{79CDE149-A6AA-46C1-ABAF-C11A626973B8}"
EndProject
Project("{FAE04EC0-301F-11D3-BF4B-00C04F79EFBC}") = "Dynamic", "Dynamic\Dynamic.csproj", "{C1105B0D-A4E7-425C-A5CD-6CC45383970F}"
EndProject
Project("{FAE04EC0-301F-11D3-BF4B-00C04F79EFBC}") = "Property", "Property\Property.csproj", "{993BCD26-776E-4599-A14E-80EFB6B3EE94}"
EndProject
Global
	GlobalSection(SolutionConfigurationPlatforms) = preSolution
		Debug|Any CPU = Debug|Any CPU
		Release|Any CPU = Release|Any CPU
	EndGlobalSection
	GlobalSection(ProjectConfigurationPlatforms) = postSolution
		{840621DA-B4FB-4C14-BC60-5D512F8C1DE7}.Debug|Any CPU.ActiveCfg = Debug|Any CPU
		{840621DA-B4FB-4C14-BC60-5D512F8C1DE7}.Debug|Any CPU.Build.0 = Debug|Any CPU
		{840621DA-B4FB-4C14-BC60-5D512F8C1DE7}.Release|Any CPU.ActiveCfg = Release|Any CPU
		{840621DA-B4FB-4C14-BC60-5D512F8C1DE7}.Release|Any CPU.Build.0 = Release|Any CPU
		{9A27217A-CAF6-4658-A2DC-C4B1DA55AC37}.Debug|Any CPU.ActiveCfg = Debug|Any CPU
		{9A27217A-CAF6-4658-A2DC-C4B1DA55AC37}.Debug|Any CPU.Build.0 = Debug|Any CPU
		{9A27217A-CAF6-4658-A2DC-C4B1DA55AC37}.Release|Any CPU.ActiveCfg = Release|Any CPU
		{9A27217A-CAF6-4658-A2DC-C4B1DA55AC37}.Release|Any CPU.Build.0 = Release|Any CPU
		{53C5382B-6E7D-4FF4-9CEF-B0AC463B3564}.Debug|Any CPU.ActiveCfg = Debug|Any CPU
		{53C5382B-6E7D-4FF4-9CEF-B0AC463B3564}.Debug|Any CPU.Build.0 = Debug|Any CPU
		{53C5382B-6E7D-4FF4-9CEF-B0AC463B3564}.Release|Any CPU.ActiveCfg = Release|Any CPU
		{53C5382B-6E7D-4FF4-9CEF-B0AC463B3564}.Release|Any CPU.Build.0 = Release|Any CPU
		{2D054315-25B3-45E4-89C4-0704C48ACA51}.Debug|Any CPU.ActiveCfg = Debug|Any CPU
		{2D054315-25B3-45E4-89C4-0704C48ACA51}.Debug|Any CPU.Build.0 = Debug|Any CPU
		{2D054315-25B3-45E4-89C4-0704C48ACA51}.Release|Any CPU.ActiveCfg = Release|Any CPU
		{2D054315-25B3-45E4-89C4-0704C48ACA51}.Release|Any CPU.Build.0 = Release|Any CPU
		{05818ADB-926B-49AA-AB68-5D431D953CB7}.Debug|Any CPU.ActiveCfg = Debug|Any CPU
		{05818ADB-926B-49AA-AB68-5D431D953CB7}.Debug|Any CPU.Build.0 = Debug|Any CPU
		{05818ADB-926B-49AA-AB68-5D431D953CB7}.Release|Any CPU.ActiveCfg = Release|Any CPU
		{05818ADB-926B-49AA-AB68-5D431D953CB7}.Release|Any CPU.Build.0 = Release|Any CPU
		{B50C614B-AE83-4C72-AEC9-C47E9741C6E6}.Debug|Any CPU.ActiveCfg = Debug|Any CPU
		{B50C614B-AE83-4C72-AEC9-C47E9741C6E6}.Debug|Any CPU.Build.0 = Debug|Any CPU
		{B50C614B-AE83-4C72-AEC9-C47E9741C6E6}.Release|Any CPU.ActiveCfg = Release|Any CPU
		{B50C614B-AE83-4C72-AEC9-C47E9741C6E6}.Release|Any CPU.Build.0 = Release|Any CPU
		{EDE1EE42-E97C-40F0-BFEC-3572E19E2B97}.Debug|Any CPU.ActiveCfg = Debug|Any CPU
		{EDE1EE42-E97C-40F0-BFEC-3572E19E2B97}.Debug|Any CPU.Build.0 = Debug|Any CPU
		{EDE1EE42-E97C-40F0-BFEC-3572E19E2B97}.Release|Any CPU.ActiveCfg = Release|Any CPU
		{EDE1EE42-E97C-40F0-BFEC-3572E19E2B97}.Release|Any CPU.Build.0 = Release|Any CPU
		{B17541CF-6AEF-4670-9520-C852C34EB307}.Debug|Any CPU.ActiveCfg = Debug|Any CPU
		{B17541CF-6AEF-4670-9520-C852C34EB307}.Debug|Any CPU.Build.0 = Debug|Any CPU
		{B17541CF-6AEF-4670-9520-C852C34EB307}.Release|Any CPU.ActiveCfg = Release|Any CPU
		{B17541CF-6AEF-4670-9520-C852C34EB307}.Release|Any CPU.Build.0 = Release|Any CPU
		{3FAD76CA-14D4-4684-A7EE-B3A7A6C79865}.Debug|Any CPU.ActiveCfg = Debug|Any CPU
		{3FAD76CA-14D4-4684-A7EE-B3A7A6C79865}.Debug|Any CPU.Build.0 = Debug|Any CPU
		{3FAD76CA-14D4-4684-A7EE-B3A7A6C79865}.Release|Any CPU.ActiveCfg = Release|Any CPU
		{3FAD76CA-14D4-4684-A7EE-B3A7A6C79865}.Release|Any CPU.Build.0 = Release|Any CPU
		{26F5517F-7C45-43B5-841E-62C34EFBE35E}.Debug|Any CPU.ActiveCfg = Debug|Any CPU
		{26F5517F-7C45-43B5-841E-62C34EFBE35E}.Debug|Any CPU.Build.0 = Debug|Any CPU
		{26F5517F-7C45-43B5-841E-62C34EFBE35E}.Release|Any CPU.ActiveCfg = Release|Any CPU
		{26F5517F-7C45-43B5-841E-62C34EFBE35E}.Release|Any CPU.Build.0 = Release|Any CPU
		{E281FEF6-CEAD-4369-8E63-0EA771EF3588}.Debug|Any CPU.ActiveCfg = Debug|Any CPU
		{E281FEF6-CEAD-4369-8E63-0EA771EF3588}.Debug|Any CPU.Build.0 = Debug|Any CPU
		{E281FEF6-CEAD-4369-8E63-0EA771EF3588}.Release|Any CPU.ActiveCfg = Release|Any CPU
		{E281FEF6-CEAD-4369-8E63-0EA771EF3588}.Release|Any CPU.Build.0 = Release|Any CPU
		{A663A82B-3B2B-4D45-A204-46251BE94781}.Debug|Any CPU.ActiveCfg = Debug|Any CPU
		{A663A82B-3B2B-4D45-A204-46251BE94781}.Debug|Any CPU.Build.0 = Debug|Any CPU
		{A663A82B-3B2B-4D45-A204-46251BE94781}.Release|Any CPU.ActiveCfg = Release|Any CPU
		{A663A82B-3B2B-4D45-A204-46251BE94781}.Release|Any CPU.Build.0 = Release|Any CPU
		{E1432CB4-F013-43F8-89AD-AECE35E920C3}.Debug|Any CPU.ActiveCfg = Debug|Any CPU
		{E1432CB4-F013-43F8-89AD-AECE35E920C3}.Debug|Any CPU.Build.0 = Debug|Any CPU
		{E1432CB4-F013-43F8-89AD-AECE35E920C3}.Release|Any CPU.ActiveCfg = Release|Any CPU
		{E1432CB4-F013-43F8-89AD-AECE35E920C3}.Release|Any CPU.Build.0 = Release|Any CPU
		{89A12ED1-FADF-4FC5-90F2-DC7509B75DE3}.Debug|Any CPU.ActiveCfg = Debug|Any CPU
		{89A12ED1-FADF-4FC5-90F2-DC7509B75DE3}.Debug|Any CPU.Build.0 = Debug|Any CPU
		{89A12ED1-FADF-4FC5-90F2-DC7509B75DE3}.Release|Any CPU.ActiveCfg = Release|Any CPU
		{89A12ED1-FADF-4FC5-90F2-DC7509B75DE3}.Release|Any CPU.Build.0 = Release|Any CPU
		{D9762791-CA73-4122-88FD-C209022A1568}.Debug|Any CPU.ActiveCfg = Debug|Any CPU
		{D9762791-CA73-4122-88FD-C209022A1568}.Debug|Any CPU.Build.0 = Debug|Any CPU
		{D9762791-CA73-4122-88FD-C209022A1568}.Release|Any CPU.ActiveCfg = Release|Any CPU
		{D9762791-CA73-4122-88FD-C209022A1568}.Release|Any CPU.Build.0 = Release|Any CPU
		{3D2F25BD-C931-4B4F-8C8D-DEF65D671ECA}.Debug|Any CPU.ActiveCfg = Debug|Any CPU
		{3D2F25BD-C931-4B4F-8C8D-DEF65D671ECA}.Debug|Any CPU.Build.0 = Debug|Any CPU
		{3D2F25BD-C931-4B4F-8C8D-DEF65D671ECA}.Release|Any CPU.ActiveCfg = Release|Any CPU
		{3D2F25BD-C931-4B4F-8C8D-DEF65D671ECA}.Release|Any CPU.Build.0 = Release|Any CPU
		{88E47CD5-029F-4727-9D5D-D1121142E554}.Debug|Any CPU.ActiveCfg = Debug|Any CPU
		{88E47CD5-029F-4727-9D5D-D1121142E554}.Debug|Any CPU.Build.0 = Debug|Any CPU
		{88E47CD5-029F-4727-9D5D-D1121142E554}.Release|Any CPU.ActiveCfg = Release|Any CPU
		{88E47CD5-029F-4727-9D5D-D1121142E554}.Release|Any CPU.Build.0 = Release|Any CPU
		{6A3C92BD-1148-4031-B7D7-A6E992071828}.Debug|Any CPU.ActiveCfg = Debug|Any CPU
		{6A3C92BD-1148-4031-B7D7-A6E992071828}.Debug|Any CPU.Build.0 = Debug|Any CPU
		{6A3C92BD-1148-4031-B7D7-A6E992071828}.Release|Any CPU.ActiveCfg = Release|Any CPU
		{6A3C92BD-1148-4031-B7D7-A6E992071828}.Release|Any CPU.Build.0 = Release|Any CPU
		{7B3CBB4A-24CE-49C3-94F6-372DC138780F}.Debug|Any CPU.ActiveCfg = Debug|Any CPU
		{7B3CBB4A-24CE-49C3-94F6-372DC138780F}.Debug|Any CPU.Build.0 = Debug|Any CPU
		{7B3CBB4A-24CE-49C3-94F6-372DC138780F}.Release|Any CPU.ActiveCfg = Release|Any CPU
		{7B3CBB4A-24CE-49C3-94F6-372DC138780F}.Release|Any CPU.Build.0 = Release|Any CPU
		{4E60968A-BC2F-4D83-A723-29C4BB172AE4}.Debug|Any CPU.ActiveCfg = Debug|Any CPU
		{4E60968A-BC2F-4D83-A723-29C4BB172AE4}.Debug|Any CPU.Build.0 = Debug|Any CPU
		{4E60968A-BC2F-4D83-A723-29C4BB172AE4}.Release|Any CPU.ActiveCfg = Release|Any CPU
		{4E60968A-BC2F-4D83-A723-29C4BB172AE4}.Release|Any CPU.Build.0 = Release|Any CPU
		{28E4993A-DA94-4C12-9198-AE140D882C73}.Debug|Any CPU.ActiveCfg = Debug|Any CPU
		{28E4993A-DA94-4C12-9198-AE140D882C73}.Debug|Any CPU.Build.0 = Debug|Any CPU
		{28E4993A-DA94-4C12-9198-AE140D882C73}.Release|Any CPU.ActiveCfg = Release|Any CPU
		{28E4993A-DA94-4C12-9198-AE140D882C73}.Release|Any CPU.Build.0 = Release|Any CPU
		{D1782A40-905A-4D84-820D-7BB74C0702F3}.Debug|Any CPU.ActiveCfg = Debug|Any CPU
		{D1782A40-905A-4D84-820D-7BB74C0702F3}.Debug|Any CPU.Build.0 = Debug|Any CPU
		{D1782A40-905A-4D84-820D-7BB74C0702F3}.Release|Any CPU.ActiveCfg = Release|Any CPU
		{D1782A40-905A-4D84-820D-7BB74C0702F3}.Release|Any CPU.Build.0 = Release|Any CPU
		{D3EB2BC1-57EC-4440-844A-709BFA55BF0B}.Debug|Any CPU.ActiveCfg = Debug|Any CPU
		{D3EB2BC1-57EC-4440-844A-709BFA55BF0B}.Debug|Any CPU.Build.0 = Debug|Any CPU
		{D3EB2BC1-57EC-4440-844A-709BFA55BF0B}.Release|Any CPU.ActiveCfg = Release|Any CPU
		{D3EB2BC1-57EC-4440-844A-709BFA55BF0B}.Release|Any CPU.Build.0 = Release|Any CPU
		{C2EDF100-11B0-49A8-89BC-212FF2F4C522}.Debug|Any CPU.ActiveCfg = Debug|Any CPU
		{C2EDF100-11B0-49A8-89BC-212FF2F4C522}.Debug|Any CPU.Build.0 = Debug|Any CPU
		{C2EDF100-11B0-49A8-89BC-212FF2F4C522}.Release|Any CPU.ActiveCfg = Release|Any CPU
		{C2EDF100-11B0-49A8-89BC-212FF2F4C522}.Release|Any CPU.Build.0 = Release|Any CPU
		{DFD4B897-2408-4C1C-BC81-C613E5BE14CF}.Debug|Any CPU.ActiveCfg = Debug|Any CPU
		{DFD4B897-2408-4C1C-BC81-C613E5BE14CF}.Debug|Any CPU.Build.0 = Debug|Any CPU
		{DFD4B897-2408-4C1C-BC81-C613E5BE14CF}.Release|Any CPU.ActiveCfg = Release|Any CPU
		{DFD4B897-2408-4C1C-BC81-C613E5BE14CF}.Release|Any CPU.Build.0 = Release|Any CPU
		{2999D369-7C7B-4A5A-A895-07CF14F09CF3}.Debug|Any CPU.ActiveCfg = Debug|Any CPU
		{2999D369-7C7B-4A5A-A895-07CF14F09CF3}.Debug|Any CPU.Build.0 = Debug|Any CPU
		{2999D369-7C7B-4A5A-A895-07CF14F09CF3}.Release|Any CPU.ActiveCfg = Release|Any CPU
		{2999D369-7C7B-4A5A-A895-07CF14F09CF3}.Release|Any CPU.Build.0 = Release|Any CPU
		{360A5594-ED2C-43F3-AFB4-1FEFC00CB8B3}.Debug|Any CPU.ActiveCfg = Debug|Any CPU
		{360A5594-ED2C-43F3-AFB4-1FEFC00CB8B3}.Debug|Any CPU.Build.0 = Debug|Any CPU
		{360A5594-ED2C-43F3-AFB4-1FEFC00CB8B3}.Release|Any CPU.ActiveCfg = Release|Any CPU
		{360A5594-ED2C-43F3-AFB4-1FEFC00CB8B3}.Release|Any CPU.Build.0 = Release|Any CPU
		{9CA1A798-E443-46CD-95AD-8BB021E795AF}.Debug|Any CPU.ActiveCfg = Debug|Any CPU
		{9CA1A798-E443-46CD-95AD-8BB021E795AF}.Debug|Any CPU.Build.0 = Debug|Any CPU
		{9CA1A798-E443-46CD-95AD-8BB021E795AF}.Release|Any CPU.ActiveCfg = Release|Any CPU
		{9CA1A798-E443-46CD-95AD-8BB021E795AF}.Release|Any CPU.Build.0 = Release|Any CPU
		{C75574A1-84EC-47E4-876B-CDD5D1692770}.Debug|Any CPU.ActiveCfg = Debug|Any CPU
		{C75574A1-84EC-47E4-876B-CDD5D1692770}.Debug|Any CPU.Build.0 = Debug|Any CPU
		{C75574A1-84EC-47E4-876B-CDD5D1692770}.Release|Any CPU.ActiveCfg = Release|Any CPU
		{C75574A1-84EC-47E4-876B-CDD5D1692770}.Release|Any CPU.Build.0 = Release|Any CPU
		{A59CEEFE-D9A4-4478-A768-0925A74746E4}.Debug|Any CPU.ActiveCfg = Debug|Any CPU
		{A59CEEFE-D9A4-4478-A768-0925A74746E4}.Debug|Any CPU.Build.0 = Debug|Any CPU
		{A59CEEFE-D9A4-4478-A768-0925A74746E4}.Release|Any CPU.ActiveCfg = Release|Any CPU
		{A59CEEFE-D9A4-4478-A768-0925A74746E4}.Release|Any CPU.Build.0 = Release|Any CPU
		{9362A6EE-BFCA-4594-A99A-7EB7494CEF43}.Debug|Any CPU.ActiveCfg = Debug|Any CPU
		{9362A6EE-BFCA-4594-A99A-7EB7494CEF43}.Debug|Any CPU.Build.0 = Debug|Any CPU
		{9362A6EE-BFCA-4594-A99A-7EB7494CEF43}.Release|Any CPU.ActiveCfg = Release|Any CPU
		{9362A6EE-BFCA-4594-A99A-7EB7494CEF43}.Release|Any CPU.Build.0 = Release|Any CPU
		{D234BA09-ED75-4BB3-973E-CCA8A47BA1D0}.Debug|Any CPU.ActiveCfg = Debug|Any CPU
		{D234BA09-ED75-4BB3-973E-CCA8A47BA1D0}.Debug|Any CPU.Build.0 = Debug|Any CPU
		{D234BA09-ED75-4BB3-973E-CCA8A47BA1D0}.Release|Any CPU.ActiveCfg = Release|Any CPU
		{D234BA09-ED75-4BB3-973E-CCA8A47BA1D0}.Release|Any CPU.Build.0 = Release|Any CPU
		{C1105B0D-A4E7-425C-A5CD-6CC45383970F}.Debug|Any CPU.ActiveCfg = Debug|Any CPU
		{C1105B0D-A4E7-425C-A5CD-6CC45383970F}.Debug|Any CPU.Build.0 = Debug|Any CPU
		{C1105B0D-A4E7-425C-A5CD-6CC45383970F}.Release|Any CPU.ActiveCfg = Release|Any CPU
		{C1105B0D-A4E7-425C-A5CD-6CC45383970F}.Release|Any CPU.Build.0 = Release|Any CPU
		{993BCD26-776E-4599-A14E-80EFB6B3EE94}.Debug|Any CPU.ActiveCfg = Debug|Any CPU
		{993BCD26-776E-4599-A14E-80EFB6B3EE94}.Debug|Any CPU.Build.0 = Debug|Any CPU
		{993BCD26-776E-4599-A14E-80EFB6B3EE94}.Release|Any CPU.ActiveCfg = Release|Any CPU
		{993BCD26-776E-4599-A14E-80EFB6B3EE94}.Release|Any CPU.Build.0 = Release|Any CPU
	EndGlobalSection
	GlobalSection(SolutionProperties) = preSolution
		HideSolutionNode = FALSE
	EndGlobalSection
	GlobalSection(NestedProjects) = preSolution
		{840621DA-B4FB-4C14-BC60-5D512F8C1DE7} = {25A68E71-01B5-43B7-80B8-76F0753269B8}
		{53C5382B-6E7D-4FF4-9CEF-B0AC463B3564} = {F831252F-E149-4DA6-9A62-ED8135154B33}
		{2D054315-25B3-45E4-89C4-0704C48ACA51} = {96046A1E-934A-4BDD-82CB-9827747D78A2}
		{B50C614B-AE83-4C72-AEC9-C47E9741C6E6} = {DDDCAE9D-1AD6-4BEF-B8B7-1C0DC4DCD608}
		{3FAD76CA-14D4-4684-A7EE-B3A7A6C79865} = {C59929F8-8881-4503-AD8E-E3E511996EEE}
		{26F5517F-7C45-43B5-841E-62C34EFBE35E} = {E498B03A-F56B-4F61-AA74-D7FD1E1F59FA}
		{E281FEF6-CEAD-4369-8E63-0EA771EF3588} = {E498B03A-F56B-4F61-AA74-D7FD1E1F59FA}
		{A663A82B-3B2B-4D45-A204-46251BE94781} = {E498B03A-F56B-4F61-AA74-D7FD1E1F59FA}
		{E1432CB4-F013-43F8-89AD-AECE35E920C3} = {E498B03A-F56B-4F61-AA74-D7FD1E1F59FA}
		{89A12ED1-FADF-4FC5-90F2-DC7509B75DE3} = {E498B03A-F56B-4F61-AA74-D7FD1E1F59FA}
		{D9762791-CA73-4122-88FD-C209022A1568} = {E498B03A-F56B-4F61-AA74-D7FD1E1F59FA}
		{3D2F25BD-C931-4B4F-8C8D-DEF65D671ECA} = {3769D663-275E-4290-A1B7-604A4F4620F3}
		{88E47CD5-029F-4727-9D5D-D1121142E554} = {3769D663-275E-4290-A1B7-604A4F4620F3}
		{7B3CBB4A-24CE-49C3-94F6-372DC138780F} = {8D02777E-F261-4B30-BA0A-FFC7159BBB6D}
		{4E60968A-BC2F-4D83-A723-29C4BB172AE4} = {EAD8FA95-D007-4957-A6E2-08C60B70E7BF}
		{28E4993A-DA94-4C12-9198-AE140D882C73} = {EAD8FA95-D007-4957-A6E2-08C60B70E7BF}
		{360A5594-ED2C-43F3-AFB4-1FEFC00CB8B3} = {DDDCAE9D-1AD6-4BEF-B8B7-1C0DC4DCD608}
		{9CA1A798-E443-46CD-95AD-8BB021E795AF} = {DDDCAE9D-1AD6-4BEF-B8B7-1C0DC4DCD608}
		{54EABF72-A3D6-4154-8B5C-49C1453CECCA} = {3769D663-275E-4290-A1B7-604A4F4620F3}
		{C32B5DBE-B4C3-41D6-81CD-1707A6C72F4D} = {3769D663-275E-4290-A1B7-604A4F4620F3}
		{C75574A1-84EC-47E4-876B-CDD5D1692770} = {C32B5DBE-B4C3-41D6-81CD-1707A6C72F4D}
		{A59CEEFE-D9A4-4478-A768-0925A74746E4} = {C32B5DBE-B4C3-41D6-81CD-1707A6C72F4D}
		{9362A6EE-BFCA-4594-A99A-7EB7494CEF43} = {54EABF72-A3D6-4154-8B5C-49C1453CECCA}
		{C1105B0D-A4E7-425C-A5CD-6CC45383970F} = {79CDE149-A6AA-46C1-ABAF-C11A626973B8}
		{993BCD26-776E-4599-A14E-80EFB6B3EE94} = {79CDE149-A6AA-46C1-ABAF-C11A626973B8}
		{D234BA09-ED75-4BB3-973E-CCA8A47BA1D0} = {79CDE149-A6AA-46C1-ABAF-C11A626973B8}
		{05818ADB-926B-49AA-AB68-5D431D953CB7} = {79CDE149-A6AA-46C1-ABAF-C11A626973B8}
		{EDE1EE42-E97C-40F0-BFEC-3572E19E2B97} = {79CDE149-A6AA-46C1-ABAF-C11A626973B8}
	EndGlobalSection
	GlobalSection(ExtensibilityGlobals) = postSolution
		SolutionGuid = {6CC3D488-4F99-44F1-964B-19ADB12FC3B7}
	EndGlobalSection
EndGlobal
